// !$*UTF8*$!
{
	archiveVersion = 1;
	classes = {
	};
	objectVersion = 70;
	objects = {

/* Begin PBXBuildFile section */
		8829DDBC2DB1542700B32F01 /* WidgetKit.framework in Frameworks */ = {isa = PBXBuildFile; fileRef = 8829DDBB2DB1542700B32F01 /* WidgetKit.framework */; };
		8829DDBE2DB1542700B32F01 /* SwiftUI.framework in Frameworks */ = {isa = PBXBuildFile; fileRef = 8829DDBD2DB1542700B32F01 /* SwiftUI.framework */; };
		8829DDCD2DB1542900B32F01 /* OrthoTimeTrackerWidgetExtension.appex in Embed Foundation Extensions */ = {isa = PBXBuildFile; fileRef = 8829DDB92DB1542700B32F01 /* OrthoTimeTrackerWidgetExtension.appex */; settings = {ATTRIBUTES = (RemoveHeadersOnCopy, ); }; };
		AA001C3A2A0E1C7E00B7E123 /* OrthoTimeTrackerApp.swift in Sources */ = {isa = PBXBuildFile; fileRef = AA001C392A0E1C7E00B7E123 /* OrthoTimeTrackerApp.swift */; };
		AA001C3E2A0E1C8100B7E123 /* Assets.xcassets in Resources */ = {isa = PBXBuildFile; fileRef = AA001C3D2A0E1C8100B7E123 /* Assets.xcassets */; };
		AA001C412A0E1C8100B7E123 /* Preview Assets.xcassets in Resources */ = {isa = PBXBuildFile; fileRef = AA001C402A0E1C8100B7E123 /* Preview Assets.xcassets */; };
		AA001C4D2A0E1CC200B7E123 /* Device.swift in Sources */ = {isa = PBXBuildFile; fileRef = AA001C4C2A0E1CC200B7E123 /* Device.swift */; };
		AA001C4F2A0E1CE100B7E123 /* DeviceManager.swift in Sources */ = {isa = PBXBuildFile; fileRef = AA001C4E2A0E1CE100B7E123 /* DeviceManager.swift */; };
		AA001C512A0E1D0100B7E123 /* DeviceListView.swift in Sources */ = {isa = PBXBuildFile; fileRef = AA001C502A0E1D0100B7E123 /* DeviceListView.swift */; };
		AA001C532A0E1D1E00B7E123 /* DeviceDetailView.swift in Sources */ = {isa = PBXBuildFile; fileRef = AA001C522A0E1D1E00B7E123 /* DeviceDetailView.swift */; };
		AA001C552A0E1D3D00B7E123 /* TimeUtils.swift in Sources */ = {isa = PBXBuildFile; fileRef = AA001C542A0E1D3D00B7E123 /* TimeUtils.swift */; };
		AA001C572A0E1D5A00B7E123 /* TimeTrackerWidget.swift in Sources */ = {isa = PBXBuildFile; fileRef = AA001C562A0E1D5A00B7E123 /* TimeTrackerWidget.swift */; };
/* End PBXBuildFile section */

/* Begin PBXContainerItemProxy section */
		8829DDCB2DB1542900B32F01 /* PBXContainerItemProxy */ = {
			isa = PBXContainerItemProxy;
			containerPortal = AA001C2E2A0E1C7E00B7E123 /* Project object */;
			proxyType = 1;
			remoteGlobalIDString = 8829DDB82DB1542700B32F01;
			remoteInfo = OrthoTimeTrackerWidgetExtension;
		};
/* End PBXContainerItemProxy section */

/* Begin PBXCopyFilesBuildPhase section */
		8829DDD22DB1542900B32F01 /* Embed Foundation Extensions */ = {
			isa = PBXCopyFilesBuildPhase;
			buildActionMask = 2147483647;
			dstPath = "";
			dstSubfolderSpec = 13;
			files = (
				8829DDCD2DB1542900B32F01 /* OrthoTimeTrackerWidgetExtension.appex in Embed Foundation Extensions */,
			);
			name = "Embed Foundation Extensions";
			runOnlyForDeploymentPostprocessing = 0;
		};
/* End PBXCopyFilesBuildPhase section */

/* Begin PBXFileReference section */
		8829DDB92DB1542700B32F01 /* OrthoTimeTrackerWidgetExtension.appex */ = {isa = PBXFileReference; explicitFileType = "wrapper.app-extension"; includeInIndex = 0; path = OrthoTimeTrackerWidgetExtension.appex; sourceTree = BUILT_PRODUCTS_DIR; };
		8829DDBB2DB1542700B32F01 /* WidgetKit.framework */ = {isa = PBXFileReference; lastKnownFileType = wrapper.framework; name = WidgetKit.framework; path = System/Library/Frameworks/WidgetKit.framework; sourceTree = SDKROOT; };
		8829DDBD2DB1542700B32F01 /* SwiftUI.framework */ = {isa = PBXFileReference; lastKnownFileType = wrapper.framework; name = SwiftUI.framework; path = System/Library/Frameworks/SwiftUI.framework; sourceTree = SDKROOT; };
		884654E22DB1635D009758C3 /* OrthoTimeTrackerMac.app */ = {isa = PBXFileReference; explicitFileType = wrapper.application; includeInIndex = 0; path = OrthoTimeTrackerMac.app; sourceTree = BUILT_PRODUCTS_DIR; };
		AA001C362A0E1C7E00B7E123 /* OrthoTimeTracker.app */ = {isa = PBXFileReference; explicitFileType = wrapper.application; includeInIndex = 0; path = OrthoTimeTracker.app; sourceTree = BUILT_PRODUCTS_DIR; };
		AA001C392A0E1C7E00B7E123 /* OrthoTimeTrackerApp.swift */ = {isa = PBXFileReference; lastKnownFileType = sourcecode.swift; path = OrthoTimeTrackerApp.swift; sourceTree = "<group>"; };
		AA001C3D2A0E1C8100B7E123 /* Assets.xcassets */ = {isa = PBXFileReference; lastKnownFileType = folder.assetcatalog; path = Assets.xcassets; sourceTree = "<group>"; };
		AA001C402A0E1C8100B7E123 /* Preview Assets.xcassets */ = {isa = PBXFileReference; lastKnownFileType = folder.assetcatalog; path = "Preview Assets.xcassets"; sourceTree = "<group>"; };
		AA001C422A0E1C8100B7E123 /* Info.plist */ = {isa = PBXFileReference; lastKnownFileType = text.plist.xml; path = Info.plist; sourceTree = "<group>"; };
		AA001C432A0E1C8100B7E123 /* OrthoTimeTracker.entitlements */ = {isa = PBXFileReference; lastKnownFileType = text.plist.entitlements; path = OrthoTimeTracker.entitlements; sourceTree = "<group>"; };
		AA001C4C2A0E1CC200B7E123 /* Device.swift */ = {isa = PBXFileReference; lastKnownFileType = sourcecode.swift; path = Device.swift; sourceTree = "<group>"; };
		AA001C4E2A0E1CE100B7E123 /* DeviceManager.swift */ = {isa = PBXFileReference; lastKnownFileType = sourcecode.swift; path = DeviceManager.swift; sourceTree = "<group>"; };
		AA001C502A0E1D0100B7E123 /* DeviceListView.swift */ = {isa = PBXFileReference; lastKnownFileType = sourcecode.swift; path = DeviceListView.swift; sourceTree = "<group>"; };
		AA001C522A0E1D1E00B7E123 /* DeviceDetailView.swift */ = {isa = PBXFileReference; lastKnownFileType = sourcecode.swift; path = DeviceDetailView.swift; sourceTree = "<group>"; };
		AA001C542A0E1D3D00B7E123 /* TimeUtils.swift */ = {isa = PBXFileReference; lastKnownFileType = sourcecode.swift; path = TimeUtils.swift; sourceTree = "<group>"; };
		AA001C562A0E1D5A00B7E123 /* TimeTrackerWidget.swift */ = {isa = PBXFileReference; lastKnownFileType = sourcecode.swift; path = TimeTrackerWidget.swift; sourceTree = "<group>"; };
/* End PBXFileReference section */

/* Begin PBXFileSystemSynchronizedBuildFileExceptionSet section */
		8829DDCE2DB1542900B32F01 /* PBXFileSystemSynchronizedBuildFileExceptionSet */ = {
			isa = PBXFileSystemSynchronizedBuildFileExceptionSet;
			membershipExceptions = (
				Info.plist,
			);
			target = 8829DDB82DB1542700B32F01 /* OrthoTimeTrackerWidgetExtension */;
		};
/* End PBXFileSystemSynchronizedBuildFileExceptionSet section */

/* Begin PBXFileSystemSynchronizedRootGroup section */
		8829DDBF2DB1542700B32F01 /* OrthoTimeTrackerWidget */ = {isa = PBXFileSystemSynchronizedRootGroup; exceptions = (8829DDCE2DB1542900B32F01 /* PBXFileSystemSynchronizedBuildFileExceptionSet */, ); explicitFileTypes = {}; explicitFolders = (); path = OrthoTimeTrackerWidget; sourceTree = "<group>"; };
		884654E32DB1635D009758C3 /* OrthoTimeTrackerMac */ = {isa = PBXFileSystemSynchronizedRootGroup; explicitFileTypes = {}; explicitFolders = (); path = OrthoTimeTrackerMac; sourceTree = "<group>"; };
/* End PBXFileSystemSynchronizedRootGroup section */

/* Begin PBXFrameworksBuildPhase section */
		8829DDB62DB1542700B32F01 /* Frameworks */ = {
			isa = PBXFrameworksBuildPhase;
			buildActionMask = 2147483647;
			files = (
				8829DDBE2DB1542700B32F01 /* SwiftUI.framework in Frameworks */,
				8829DDBC2DB1542700B32F01 /* WidgetKit.framework in Frameworks */,
			);
			runOnlyForDeploymentPostprocessing = 0;
		};
		884654DF2DB1635D009758C3 /* Frameworks */ = {
			isa = PBXFrameworksBuildPhase;
			buildActionMask = 2147483647;
			files = (
			);
			runOnlyForDeploymentPostprocessing = 0;
		};
		AA001C332A0E1C7E00B7E123 /* Frameworks */ = {
			isa = PBXFrameworksBuildPhase;
			buildActionMask = 2147483647;
			files = (
			);
			runOnlyForDeploymentPostprocessing = 0;
		};
/* End PBXFrameworksBuildPhase section */

/* Begin PBXGroup section */
		8829DDBA2DB1542700B32F01 /* Frameworks */ = {
			isa = PBXGroup;
			children = (
				8829DDBB2DB1542700B32F01 /* WidgetKit.framework */,
				8829DDBD2DB1542700B32F01 /* SwiftUI.framework */,
			);
			name = Frameworks;
			sourceTree = "<group>";
		};
		AA001C2D2A0E1C7E00B7E123 = {
			isa = PBXGroup;
			children = (
				AA001C382A0E1C7E00B7E123 /* OrthoTimeTracker */,
				8829DDBF2DB1542700B32F01 /* OrthoTimeTrackerWidget */,
				884654E32DB1635D009758C3 /* OrthoTimeTrackerMac */,
				8829DDBA2DB1542700B32F01 /* Frameworks */,
				AA001C372A0E1C7E00B7E123 /* Products */,
			);
			sourceTree = "<group>";
		};
		AA001C372A0E1C7E00B7E123 /* Products */ = {
			isa = PBXGroup;
			children = (
				AA001C362A0E1C7E00B7E123 /* OrthoTimeTracker.app */,
				8829DDB92DB1542700B32F01 /* OrthoTimeTrackerWidgetExtension.appex */,
				884654E22DB1635D009758C3 /* OrthoTimeTrackerMac.app */,
			);
			name = Products;
			sourceTree = "<group>";
		};
		AA001C382A0E1C7E00B7E123 /* OrthoTimeTracker */ = {
			isa = PBXGroup;
			children = (
				AA001C392A0E1C7E00B7E123 /* OrthoTimeTrackerApp.swift */,
				AA001C492A0E1C9800B7E123 /* Models */,
				AA001C4A2A0E1CA100B7E123 /* ViewModels */,
				AA001C4B2A0E1CA800B7E123 /* Views */,
				AA001C582A0E1D6300B7E123 /* Utils */,
				AA001C592A0E1D7000B7E123 /* Widgets */,
				AA001C3D2A0E1C8100B7E123 /* Assets.xcassets */,
				AA001C422A0E1C8100B7E123 /* Info.plist */,
				AA001C432A0E1C8100B7E123 /* OrthoTimeTracker.entitlements */,
				AA001C3F2A0E1C8100B7E123 /* Preview Content */,
			);
			path = OrthoTimeTracker;
			sourceTree = "<group>";
		};
		AA001C3F2A0E1C8100B7E123 /* Preview Content */ = {
			isa = PBXGroup;
			children = (
				AA001C402A0E1C8100B7E123 /* Preview Assets.xcassets */,
			);
			path = "Preview Content";
			sourceTree = "<group>";
		};
		AA001C492A0E1C9800B7E123 /* Models */ = {
			isa = PBXGroup;
			children = (
				AA001C4C2A0E1CC200B7E123 /* Device.swift */,
			);
			path = Models;
			sourceTree = "<group>";
		};
		AA001C4A2A0E1CA100B7E123 /* ViewModels */ = {
			isa = PBXGroup;
			children = (
				AA001C4E2A0E1CE100B7E123 /* DeviceManager.swift */,
			);
			path = ViewModels;
			sourceTree = "<group>";
		};
		AA001C4B2A0E1CA800B7E123 /* Views */ = {
			isa = PBXGroup;
			children = (
				AA001C502A0E1D0100B7E123 /* DeviceListView.swift */,
				AA001C522A0E1D1E00B7E123 /* DeviceDetailView.swift */,
			);
			path = Views;
			sourceTree = "<group>";
		};
		AA001C582A0E1D6300B7E123 /* Utils */ = {
			isa = PBXGroup;
			children = (
				AA001C542A0E1D3D00B7E123 /* TimeUtils.swift */,
			);
			path = Utils;
			sourceTree = "<group>";
		};
		AA001C592A0E1D7000B7E123 /* Widgets */ = {
			isa = PBXGroup;
			children = (
				AA001C562A0E1D5A00B7E123 /* TimeTrackerWidget.swift */,
			);
			path = Widgets;
			sourceTree = "<group>";
		};
/* End PBXGroup section */

/* Begin PBXNativeTarget section */
		8829DDB82DB1542700B32F01 /* OrthoTimeTrackerWidgetExtension */ = {
			isa = PBXNativeTarget;
			buildConfigurationList = 8829DDCF2DB1542900B32F01 /* Build configuration list for PBXNativeTarget "OrthoTimeTrackerWidgetExtension" */;
			buildPhases = (
				8829DDB52DB1542700B32F01 /* Sources */,
				8829DDB62DB1542700B32F01 /* Frameworks */,
				8829DDB72DB1542700B32F01 /* Resources */,
			);
			buildRules = (
			);
			dependencies = (
			);
			fileSystemSynchronizedGroups = (
				8829DDBF2DB1542700B32F01 /* OrthoTimeTrackerWidget */,
			);
			name = OrthoTimeTrackerWidgetExtension;
			packageProductDependencies = (
			);
			productName = OrthoTimeTrackerWidgetExtension;
			productReference = 8829DDB92DB1542700B32F01 /* OrthoTimeTrackerWidgetExtension.appex */;
			productType = "com.apple.product-type.app-extension";
		};
		884654E12DB1635D009758C3 /* OrthoTimeTrackerMac */ = {
			isa = PBXNativeTarget;
			buildConfigurationList = 884654F22DB1635E009758C3 /* Build configuration list for PBXNativeTarget "OrthoTimeTrackerMac" */;
			buildPhases = (
				884654DE2DB1635D009758C3 /* Sources */,
				884654DF2DB1635D009758C3 /* Frameworks */,
				884654E02DB1635D009758C3 /* Resources */,
			);
			buildRules = (
			);
			dependencies = (
			);
			fileSystemSynchronizedGroups = (
				884654E32DB1635D009758C3 /* OrthoTimeTrackerMac */,
			);
			name = OrthoTimeTrackerMac;
			packageProductDependencies = (
			);
			productName = OrthoTimeTrackerMac;
			productReference = 884654E22DB1635D009758C3 /* OrthoTimeTrackerMac.app */;
			productType = "com.apple.product-type.application";
		};
		AA001C352A0E1C7E00B7E123 /* OrthoTimeTracker */ = {
			isa = PBXNativeTarget;
			buildConfigurationList = AA001C462A0E1C8100B7E123 /* Build configuration list for PBXNativeTarget "OrthoTimeTracker" */;
			buildPhases = (
				AA001C322A0E1C7E00B7E123 /* Sources */,
				AA001C332A0E1C7E00B7E123 /* Frameworks */,
				AA001C342A0E1C7E00B7E123 /* Resources */,
				8829DDD22DB1542900B32F01 /* Embed Foundation Extensions */,
			);
			buildRules = (
			);
			dependencies = (
				8829DDCC2DB1542900B32F01 /* PBXTargetDependency */,
			);
			name = OrthoTimeTracker;
			productName = OrthoTimeTracker;
			productReference = AA001C362A0E1C7E00B7E123 /* OrthoTimeTracker.app */;
			productType = "com.apple.product-type.application";
		};
/* End PBXNativeTarget section */

/* Begin PBXProject section */
		AA001C2E2A0E1C7E00B7E123 /* Project object */ = {
			isa = PBXProject;
			attributes = {
				LastSwiftUpdateCheck = 1630;
				LastUpgradeCheck = 1240;
				TargetAttributes = {
					8829DDB82DB1542700B32F01 = {
						CreatedOnToolsVersion = 16.3;
					};
					884654E12DB1635D009758C3 = {
						CreatedOnToolsVersion = 16.3;
					};
					AA001C352A0E1C7E00B7E123 = {
						CreatedOnToolsVersion = 12.4;
					};
				};
			};
			buildConfigurationList = AA001C312A0E1C7E00B7E123 /* Build configuration list for PBXProject "OrthoTimeTracker" */;
			compatibilityVersion = "Xcode 9.3";
			developmentRegion = en;
			hasScannedForEncodings = 0;
			knownRegions = (
				en,
				Base,
			);
			mainGroup = AA001C2D2A0E1C7E00B7E123;
			productRefGroup = AA001C372A0E1C7E00B7E123 /* Products */;
			projectDirPath = "";
			projectRoot = "";
			targets = (
				AA001C352A0E1C7E00B7E123 /* OrthoTimeTracker */,
				8829DDB82DB1542700B32F01 /* OrthoTimeTrackerWidgetExtension */,
				884654E12DB1635D009758C3 /* OrthoTimeTrackerMac */,
			);
		};
/* End PBXProject section */

/* Begin PBXResourcesBuildPhase section */
		8829DDB72DB1542700B32F01 /* Resources */ = {
			isa = PBXResourcesBuildPhase;
			buildActionMask = 2147483647;
			files = (
			);
			runOnlyForDeploymentPostprocessing = 0;
		};
		884654E02DB1635D009758C3 /* Resources */ = {
			isa = PBXResourcesBuildPhase;
			buildActionMask = 2147483647;
			files = (
			);
			runOnlyForDeploymentPostprocessing = 0;
		};
		AA001C342A0E1C7E00B7E123 /* Resources */ = {
			isa = PBXResourcesBuildPhase;
			buildActionMask = 2147483647;
			files = (
				AA001C412A0E1C8100B7E123 /* Preview Assets.xcassets in Resources */,
				AA001C3E2A0E1C8100B7E123 /* Assets.xcassets in Resources */,
			);
			runOnlyForDeploymentPostprocessing = 0;
		};
/* End PBXResourcesBuildPhase section */

/* Begin PBXSourcesBuildPhase section */
		8829DDB52DB1542700B32F01 /* Sources */ = {
			isa = PBXSourcesBuildPhase;
			buildActionMask = 2147483647;
			files = (
			);
			runOnlyForDeploymentPostprocessing = 0;
		};
		884654DE2DB1635D009758C3 /* Sources */ = {
			isa = PBXSourcesBuildPhase;
			buildActionMask = 2147483647;
			files = (
			);
			runOnlyForDeploymentPostprocessing = 0;
		};
		AA001C322A0E1C7E00B7E123 /* Sources */ = {
			isa = PBXSourcesBuildPhase;
			buildActionMask = 2147483647;
			files = (
				AA001C572A0E1D5A00B7E123 /* TimeTrackerWidget.swift in Sources */,
				AA001C552A0E1D3D00B7E123 /* TimeUtils.swift in Sources */,
				AA001C4D2A0E1CC200B7E123 /* Device.swift in Sources */,
				AA001C512A0E1D0100B7E123 /* DeviceListView.swift in Sources */,
				AA001C4F2A0E1CE100B7E123 /* DeviceManager.swift in Sources */,
				AA001C3A2A0E1C7E00B7E123 /* OrthoTimeTrackerApp.swift in Sources */,
				AA001C532A0E1D1E00B7E123 /* DeviceDetailView.swift in Sources */,
			);
			runOnlyForDeploymentPostprocessing = 0;
		};
/* End PBXSourcesBuildPhase section */

/* Begin PBXTargetDependency section */
		8829DDCC2DB1542900B32F01 /* PBXTargetDependency */ = {
			isa = PBXTargetDependency;
			target = 8829DDB82DB1542700B32F01 /* OrthoTimeTrackerWidgetExtension */;
			targetProxy = 8829DDCB2DB1542900B32F01 /* PBXContainerItemProxy */;
		};
/* End PBXTargetDependency section */

/* Begin XCBuildConfiguration section */
		8829DDD02DB1542900B32F01 /* Debug */ = {
			isa = XCBuildConfiguration;
			buildSettings = {
				ASSETCATALOG_COMPILER_GENERATE_SWIFT_ASSET_SYMBOL_EXTENSIONS = YES;
				ASSETCATALOG_COMPILER_GLOBAL_ACCENT_COLOR_NAME = AccentColor;
				ASSETCATALOG_COMPILER_WIDGET_BACKGROUND_COLOR_NAME = WidgetBackground;
				CLANG_CXX_LANGUAGE_STANDARD = "gnu++20";
				CODE_SIGN_STYLE = Automatic;
				CURRENT_PROJECT_VERSION = 1;
				DEVELOPMENT_TEAM = 522L59B6X6;
				ENABLE_USER_SCRIPT_SANDBOXING = YES;
				GCC_C_LANGUAGE_STANDARD = gnu17;
				GENERATE_INFOPLIST_FILE = YES;
				INFOPLIST_FILE = OrthoTimeTrackerWidget/Info.plist;
				INFOPLIST_KEY_CFBundleDisplayName = OrthoTimeTrackerWidget;
				INFOPLIST_KEY_NSHumanReadableCopyright = "";
				IPHONEOS_DEPLOYMENT_TARGET = 18.4;
				LD_RUNPATH_SEARCH_PATHS = (
					"$(inherited)",
					"@executable_path/Frameworks",
					"@executable_path/../../Frameworks",
				);
				LOCALIZATION_PREFERS_STRING_CATALOGS = YES;
				MARKETING_VERSION = 1.0;
				PRODUCT_BUNDLE_IDENTIFIER = com.almayor.OrthoTimeTracker.OrthoTimeTrackerWidget;
				PRODUCT_NAME = "$(TARGET_NAME)";
				SKIP_INSTALL = YES;
				SWIFT_ACTIVE_COMPILATION_CONDITIONS = "DEBUG $(inherited)";
				SWIFT_EMIT_LOC_STRINGS = YES;
				SWIFT_VERSION = 5.0;
				TARGETED_DEVICE_FAMILY = "1,2";
			};
			name = Debug;
		};
		8829DDD12DB1542900B32F01 /* Release */ = {
			isa = XCBuildConfiguration;
			buildSettings = {
				ASSETCATALOG_COMPILER_GENERATE_SWIFT_ASSET_SYMBOL_EXTENSIONS = YES;
				ASSETCATALOG_COMPILER_GLOBAL_ACCENT_COLOR_NAME = AccentColor;
				ASSETCATALOG_COMPILER_WIDGET_BACKGROUND_COLOR_NAME = WidgetBackground;
				CLANG_CXX_LANGUAGE_STANDARD = "gnu++20";
				CODE_SIGN_STYLE = Automatic;
				CURRENT_PROJECT_VERSION = 1;
				DEVELOPMENT_TEAM = 522L59B6X6;
				ENABLE_USER_SCRIPT_SANDBOXING = YES;
				GCC_C_LANGUAGE_STANDARD = gnu17;
				GENERATE_INFOPLIST_FILE = YES;
				INFOPLIST_FILE = OrthoTimeTrackerWidget/Info.plist;
				INFOPLIST_KEY_CFBundleDisplayName = OrthoTimeTrackerWidget;
				INFOPLIST_KEY_NSHumanReadableCopyright = "";
				IPHONEOS_DEPLOYMENT_TARGET = 18.4;
				LD_RUNPATH_SEARCH_PATHS = (
					"$(inherited)",
					"@executable_path/Frameworks",
					"@executable_path/../../Frameworks",
				);
				LOCALIZATION_PREFERS_STRING_CATALOGS = YES;
				MARKETING_VERSION = 1.0;
				PRODUCT_BUNDLE_IDENTIFIER = com.almayor.OrthoTimeTracker.OrthoTimeTrackerWidget;
				PRODUCT_NAME = "$(TARGET_NAME)";
				SKIP_INSTALL = YES;
				SWIFT_EMIT_LOC_STRINGS = YES;
				SWIFT_VERSION = 5.0;
				TARGETED_DEVICE_FAMILY = "1,2";
			};
			name = Release;
		};
		884654F02DB1635E009758C3 /* Debug */ = {
			isa = XCBuildConfiguration;
			buildSettings = {
				ASSETCATALOG_COMPILER_APPICON_NAME = AppIcon;
				ASSETCATALOG_COMPILER_GENERATE_SWIFT_ASSET_SYMBOL_EXTENSIONS = YES;
				ASSETCATALOG_COMPILER_GLOBAL_ACCENT_COLOR_NAME = AccentColor;
				CLANG_CXX_LANGUAGE_STANDARD = "gnu++20";
				CODE_SIGN_ENTITLEMENTS = OrthoTimeTrackerMac/OrthoTimeTrackerMac.entitlements;
				CODE_SIGN_STYLE = Automatic;
				COMBINE_HIDPI_IMAGES = YES;
				CURRENT_PROJECT_VERSION = 1;
				DEVELOPMENT_TEAM = 522L59B6X6;
				ENABLE_HARDENED_RUNTIME = YES;
				ENABLE_PREVIEWS = YES;
				ENABLE_USER_SCRIPT_SANDBOXING = YES;
				GCC_C_LANGUAGE_STANDARD = gnu17;
				GENERATE_INFOPLIST_FILE = YES;
				INFOPLIST_KEY_NSHumanReadableCopyright = "";
				LD_RUNPATH_SEARCH_PATHS = (
					"$(inherited)",
					"@executable_path/../Frameworks",
				);
				LOCALIZATION_PREFERS_STRING_CATALOGS = YES;
				MACOSX_DEPLOYMENT_TARGET = 15.3;
				MARKETING_VERSION = 1.0;
				PRODUCT_BUNDLE_IDENTIFIER = almayor.OrthoTimeTrackerMac;
				PRODUCT_NAME = "$(TARGET_NAME)";
				REGISTER_APP_GROUPS = YES;
				SDKROOT = macosx;
				SWIFT_ACTIVE_COMPILATION_CONDITIONS = "DEBUG $(inherited)";
				SWIFT_EMIT_LOC_STRINGS = YES;
				SWIFT_VERSION = 5.0;
			};
			name = Debug;
		};
		884654F12DB1635E009758C3 /* Release */ = {
			isa = XCBuildConfiguration;
			buildSettings = {
				ASSETCATALOG_COMPILER_APPICON_NAME = AppIcon;
				ASSETCATALOG_COMPILER_GENERATE_SWIFT_ASSET_SYMBOL_EXTENSIONS = YES;
				ASSETCATALOG_COMPILER_GLOBAL_ACCENT_COLOR_NAME = AccentColor;
				CLANG_CXX_LANGUAGE_STANDARD = "gnu++20";
				CODE_SIGN_ENTITLEMENTS = OrthoTimeTrackerMac/OrthoTimeTrackerMac.entitlements;
				CODE_SIGN_STYLE = Automatic;
				COMBINE_HIDPI_IMAGES = YES;
				CURRENT_PROJECT_VERSION = 1;
				DEVELOPMENT_TEAM = 522L59B6X6;
				ENABLE_HARDENED_RUNTIME = YES;
				ENABLE_PREVIEWS = YES;
				ENABLE_USER_SCRIPT_SANDBOXING = YES;
				GCC_C_LANGUAGE_STANDARD = gnu17;
				GENERATE_INFOPLIST_FILE = YES;
				INFOPLIST_KEY_NSHumanReadableCopyright = "";
				LD_RUNPATH_SEARCH_PATHS = (
					"$(inherited)",
					"@executable_path/../Frameworks",
				);
				LOCALIZATION_PREFERS_STRING_CATALOGS = YES;
				MACOSX_DEPLOYMENT_TARGET = 15.3;
				MARKETING_VERSION = 1.0;
				PRODUCT_BUNDLE_IDENTIFIER = almayor.OrthoTimeTrackerMac;
				PRODUCT_NAME = "$(TARGET_NAME)";
				REGISTER_APP_GROUPS = YES;
				SDKROOT = macosx;
				SWIFT_EMIT_LOC_STRINGS = YES;
				SWIFT_VERSION = 5.0;
			};
			name = Release;
		};
		AA001C442A0E1C8100B7E123 /* Debug */ = {
			isa = XCBuildConfiguration;
			buildSettings = {
				ALWAYS_SEARCH_USER_PATHS = NO;
				CLANG_ANALYZER_NONNULL = YES;
				CLANG_ANALYZER_NUMBER_OBJECT_CONVERSION = YES_AGGRESSIVE;
				CLANG_CXX_LANGUAGE_STANDARD = "gnu++14";
				CLANG_CXX_LIBRARY = "libc++";
				CLANG_ENABLE_MODULES = YES;
				CLANG_ENABLE_OBJC_ARC = YES;
				CLANG_ENABLE_OBJC_WEAK = YES;
				CLANG_WARN_BLOCK_CAPTURE_AUTORELEASING = YES;
				CLANG_WARN_BOOL_CONVERSION = YES;
				CLANG_WARN_COMMA = YES;
				CLANG_WARN_CONSTANT_CONVERSION = YES;
				CLANG_WARN_DEPRECATED_OBJC_IMPLEMENTATIONS = YES;
				CLANG_WARN_DIRECT_OBJC_ISA_USAGE = YES_ERROR;
				CLANG_WARN_DOCUMENTATION_COMMENTS = YES;
				CLANG_WARN_EMPTY_BODY = YES;
				CLANG_WARN_ENUM_CONVERSION = YES;
				CLANG_WARN_INFINITE_RECURSION = YES;
				CLANG_WARN_INT_CONVERSION = YES;
				CLANG_WARN_NON_LITERAL_NULL_CONVERSION = YES;
				CLANG_WARN_OBJC_IMPLICIT_RETAIN_SELF = YES;
				CLANG_WARN_OBJC_LITERAL_CONVERSION = YES;
				CLANG_WARN_OBJC_ROOT_CLASS = YES_ERROR;
				CLANG_WARN_QUOTED_INCLUDE_IN_FRAMEWORK_HEADER = YES;
				CLANG_WARN_RANGE_LOOP_ANALYSIS = YES;
				CLANG_WARN_STRICT_PROTOTYPES = YES;
				CLANG_WARN_SUSPICIOUS_MOVE = YES;
				CLANG_WARN_UNGUARDED_AVAILABILITY = YES_AGGRESSIVE;
				CLANG_WARN_UNREACHABLE_CODE = YES;
				CLANG_WARN__DUPLICATE_METHOD_MATCH = YES;
				COPY_PHASE_STRIP = NO;
				DEBUG_INFORMATION_FORMAT = dwarf;
				ENABLE_STRICT_OBJC_MSGSEND = YES;
				ENABLE_TESTABILITY = YES;
				GCC_C_LANGUAGE_STANDARD = gnu11;
				GCC_DYNAMIC_NO_PIC = NO;
				GCC_NO_COMMON_BLOCKS = YES;
				GCC_OPTIMIZATION_LEVEL = 0;
				GCC_PREPROCESSOR_DEFINITIONS = (
					"DEBUG=1",
					"$(inherited)",
				);
				GCC_WARN_64_TO_32_BIT_CONVERSION = YES;
				GCC_WARN_ABOUT_RETURN_TYPE = YES_ERROR;
				GCC_WARN_UNDECLARED_SELECTOR = YES;
				GCC_WARN_UNINITIALIZED_AUTOS = YES_AGGRESSIVE;
				GCC_WARN_UNUSED_FUNCTION = YES;
				GCC_WARN_UNUSED_VARIABLE = YES;
				IPHONEOS_DEPLOYMENT_TARGET = 15.0;
				MTL_ENABLE_DEBUG_INFO = INCLUDE_SOURCE;
				MTL_FAST_MATH = YES;
				ONLY_ACTIVE_ARCH = YES;
				SDKROOT = iphoneos;
				SWIFT_ACTIVE_COMPILATION_CONDITIONS = DEBUG;
				SWIFT_OPTIMIZATION_LEVEL = "-Onone";
			};
			name = Debug;
		};
		AA001C452A0E1C8100B7E123 /* Release */ = {
			isa = XCBuildConfiguration;
			buildSettings = {
				ALWAYS_SEARCH_USER_PATHS = NO;
				CLANG_ANALYZER_NONNULL = YES;
				CLANG_ANALYZER_NUMBER_OBJECT_CONVERSION = YES_AGGRESSIVE;
				CLANG_CXX_LANGUAGE_STANDARD = "gnu++14";
				CLANG_CXX_LIBRARY = "libc++";
				CLANG_ENABLE_MODULES = YES;
				CLANG_ENABLE_OBJC_ARC = YES;
				CLANG_ENABLE_OBJC_WEAK = YES;
				CLANG_WARN_BLOCK_CAPTURE_AUTORELEASING = YES;
				CLANG_WARN_BOOL_CONVERSION = YES;
				CLANG_WARN_COMMA = YES;
				CLANG_WARN_CONSTANT_CONVERSION = YES;
				CLANG_WARN_DEPRECATED_OBJC_IMPLEMENTATIONS = YES;
				CLANG_WARN_DIRECT_OBJC_ISA_USAGE = YES_ERROR;
				CLANG_WARN_DOCUMENTATION_COMMENTS = YES;
				CLANG_WARN_EMPTY_BODY = YES;
				CLANG_WARN_ENUM_CONVERSION = YES;
				CLANG_WARN_INFINITE_RECURSION = YES;
				CLANG_WARN_INT_CONVERSION = YES;
				CLANG_WARN_NON_LITERAL_NULL_CONVERSION = YES;
				CLANG_WARN_OBJC_IMPLICIT_RETAIN_SELF = YES;
				CLANG_WARN_OBJC_LITERAL_CONVERSION = YES;
				CLANG_WARN_OBJC_ROOT_CLASS = YES_ERROR;
				CLANG_WARN_QUOTED_INCLUDE_IN_FRAMEWORK_HEADER = YES;
				CLANG_WARN_RANGE_LOOP_ANALYSIS = YES;
				CLANG_WARN_STRICT_PROTOTYPES = YES;
				CLANG_WARN_SUSPICIOUS_MOVE = YES;
				CLANG_WARN_UNGUARDED_AVAILABILITY = YES_AGGRESSIVE;
				CLANG_WARN_UNREACHABLE_CODE = YES;
				CLANG_WARN__DUPLICATE_METHOD_MATCH = YES;
				COPY_PHASE_STRIP = NO;
				DEBUG_INFORMATION_FORMAT = "dwarf-with-dsym";
				ENABLE_NS_ASSERTIONS = NO;
				ENABLE_STRICT_OBJC_MSGSEND = YES;
				GCC_C_LANGUAGE_STANDARD = gnu11;
				GCC_NO_COMMON_BLOCKS = YES;
				GCC_WARN_64_TO_32_BIT_CONVERSION = YES;
				GCC_WARN_ABOUT_RETURN_TYPE = YES_ERROR;
				GCC_WARN_UNDECLARED_SELECTOR = YES;
				GCC_WARN_UNINITIALIZED_AUTOS = YES_AGGRESSIVE;
				GCC_WARN_UNUSED_FUNCTION = YES;
				GCC_WARN_UNUSED_VARIABLE = YES;
				IPHONEOS_DEPLOYMENT_TARGET = 15.0;
				MTL_ENABLE_DEBUG_INFO = NO;
				MTL_FAST_MATH = YES;
				SDKROOT = iphoneos;
				SWIFT_COMPILATION_MODE = wholemodule;
				SWIFT_OPTIMIZATION_LEVEL = "-O";
				VALIDATE_PRODUCT = YES;
			};
			name = Release;
		};
		AA001C472A0E1C8100B7E123 /* Debug */ = {
			isa = XCBuildConfiguration;
			buildSettings = {
				ASSETCATALOG_COMPILER_APPICON_NAME = AppIcon;
				ASSETCATALOG_COMPILER_GLOBAL_ACCENT_COLOR_NAME = AccentColor;
				CODE_SIGN_ENTITLEMENTS = OrthoTimeTracker/OrthoTimeTracker.entitlements;
				CODE_SIGN_STYLE = Automatic;
				DEVELOPMENT_ASSET_PATHS = "\"OrthoTimeTracker/Preview Content\"";
				DEVELOPMENT_TEAM = 522L59B6X6;
				ENABLE_PREVIEWS = YES;
				INFOPLIST_FILE = OrthoTimeTracker/Info.plist;
				INFOPLIST_KEY_CFBundleDisplayName = OrthoTimeTracker;
				INFOPLIST_KEY_LSApplicationCategoryType = "public.app-category.healthcare-fitness";
				IPHONEOS_DEPLOYMENT_TARGET = 15.0;
				LD_RUNPATH_SEARCH_PATHS = (
					"$(inherited)",
					"@executable_path/Frameworks",
				);
				PRODUCT_BUNDLE_IDENTIFIER = com.almayor.OrthoTimeTracker;
				PRODUCT_NAME = "$(TARGET_NAME)";
				SWIFT_VERSION = 5.0;
				TARGETED_DEVICE_FAMILY = "1,2";
			};
			name = Debug;
		};
		AA001C482A0E1C8100B7E123 /* Release */ = {
			isa = XCBuildConfiguration;
			buildSettings = {
				ASSETCATALOG_COMPILER_APPICON_NAME = AppIcon;
				ASSETCATALOG_COMPILER_GLOBAL_ACCENT_COLOR_NAME = AccentColor;
				CODE_SIGN_ENTITLEMENTS = OrthoTimeTracker/OrthoTimeTracker.entitlements;
				CODE_SIGN_STYLE = Automatic;
				DEVELOPMENT_ASSET_PATHS = "\"OrthoTimeTracker/Preview Content\"";
				DEVELOPMENT_TEAM = 522L59B6X6;
				ENABLE_PREVIEWS = YES;
				INFOPLIST_FILE = OrthoTimeTracker/Info.plist;
				INFOPLIST_KEY_CFBundleDisplayName = OrthoTimeTracker;
				INFOPLIST_KEY_LSApplicationCategoryType = "public.app-category.healthcare-fitness";
				IPHONEOS_DEPLOYMENT_TARGET = 15.0;
				LD_RUNPATH_SEARCH_PATHS = (
					"$(inherited)",
					"@executable_path/Frameworks",
				);
				PRODUCT_BUNDLE_IDENTIFIER = com.almayor.OrthoTimeTracker;
				PRODUCT_NAME = "$(TARGET_NAME)";
				SWIFT_VERSION = 5.0;
				TARGETED_DEVICE_FAMILY = "1,2";
			};
			name = Release;
		};
/* End XCBuildConfiguration section */

/* Begin XCConfigurationList section */
		8829DDCF2DB1542900B32F01 /* Build configuration list for PBXNativeTarget "OrthoTimeTrackerWidgetExtension" */ = {
			isa = XCConfigurationList;
			buildConfigurations = (
				8829DDD02DB1542900B32F01 /* Debug */,
				8829DDD12DB1542900B32F01 /* Release */,
			);
			defaultConfigurationIsVisible = 0;
			defaultConfigurationName = Release;
		};
		884654F22DB1635E009758C3 /* Build configuration list for PBXNativeTarget "OrthoTimeTrackerMac" */ = {
			isa = XCConfigurationList;
			buildConfigurations = (
				884654F02DB1635E009758C3 /* Debug */,
				884654F12DB1635E009758C3 /* Release */,
			);
			defaultConfigurationIsVisible = 0;
			defaultConfigurationName = Release;
		};
		AA001C312A0E1C7E00B7E123 /* Build configuration list for PBXProject "OrthoTimeTracker" */ = {
			isa = XCConfigurationList;
			buildConfigurations = (
				AA001C442A0E1C8100B7E123 /* Debug */,
				AA001C452A0E1C8100B7E123 /* Release */,
			);
			defaultConfigurationIsVisible = 0;
			defaultConfigurationName = Release;
		};
		AA001C462A0E1C8100B7E123 /* Build configuration list for PBXNativeTarget "OrthoTimeTracker" */ = {
			isa = XCConfigurationList;
			buildConfigurations = (
				AA001C472A0E1C8100B7E123 /* Debug */,
				AA001C482A0E1C8100B7E123 /* Release */,
			);
			defaultConfigurationIsVisible = 0;
			defaultConfigurationName = Release;
		};
/* End XCConfigurationList section */
	};
	rootObject = AA001C2E2A0E1C7E00B7E123 /* Project object */;
}
